// !$*UTF8*$!
{
	archiveVersion = 1;
	classes = {
	};
	objectVersion = 46;
	objects = {

/* Begin PBXBuildFile section */
		F11A56FD1DEF0E88004D2513 /* Alarm Buzzer.mp3 in Resources */ = {isa = PBXBuildFile; fileRef = F11A56FC1DEF0E88004D2513 /* Alarm Buzzer.mp3 */; };
		F11A56FF1DEF0ECB004D2513 /* Police Siren.mp3 in Resources */ = {isa = PBXBuildFile; fileRef = F11A56FE1DEF0ECB004D2513 /* Police Siren.mp3 */; };
		F11A57011DEF0F23004D2513 /* Doorbell.mp3 in Resources */ = {isa = PBXBuildFile; fileRef = F11A57001DEF0F23004D2513 /* Doorbell.mp3 */; };
		F11A57031DEF0F61004D2513 /* Fire Alarm.mp3 in Resources */ = {isa = PBXBuildFile; fileRef = F11A57021DEF0F61004D2513 /* Fire Alarm.mp3 */; };
		F11A57051DEF0F95004D2513 /* Ambulance.mp3 in Resources */ = {isa = PBXBuildFile; fileRef = F11A57041DEF0F95004D2513 /* Ambulance.mp3 */; };
		F11A57071DEF100A004D2513 /* Horn Honk.mp3 in Resources */ = {isa = PBXBuildFile; fileRef = F11A57061DEF100A004D2513 /* Horn Honk.mp3 */; };
		F129F29C1DB83F71001B3C8A /* AppDelegate.swift in Sources */ = {isa = PBXBuildFile; fileRef = F129F29B1DB83F71001B3C8A /* AppDelegate.swift */; };
		F129F2A11DB83F71001B3C8A /* Main.storyboard in Resources */ = {isa = PBXBuildFile; fileRef = F129F29F1DB83F71001B3C8A /* Main.storyboard */; };
		F129F2A41DB83F71001B3C8A /* WakeMeAt.xcdatamodeld in Sources */ = {isa = PBXBuildFile; fileRef = F129F2A21DB83F71001B3C8A /* WakeMeAt.xcdatamodeld */; };
		F129F2A61DB83F71001B3C8A /* Assets.xcassets in Resources */ = {isa = PBXBuildFile; fileRef = F129F2A51DB83F71001B3C8A /* Assets.xcassets */; };
		F129F2A91DB83F71001B3C8A /* LaunchScreen.storyboard in Resources */ = {isa = PBXBuildFile; fileRef = F129F2A71DB83F71001B3C8A /* LaunchScreen.storyboard */; };
		F129F2B41DB83F71001B3C8A /* WakeMeAtTests.swift in Sources */ = {isa = PBXBuildFile; fileRef = F129F2B31DB83F71001B3C8A /* WakeMeAtTests.swift */; };
		F12B204B1DF9F94B00E49C06 /* LocationSearchTable.swift in Sources */ = {isa = PBXBuildFile; fileRef = F12B204A1DF9F94B00E49C06 /* LocationSearchTable.swift */; };
		F16E27AA1DF79FDA0008D2CA /* Settings.swift in Sources */ = {isa = PBXBuildFile; fileRef = F16E27A91DF79FDA0008D2CA /* Settings.swift */; };
		F1A14CD81DDE5BE800262503 /* MainViewController.swift in Sources */ = {isa = PBXBuildFile; fileRef = F1A14CD71DDE5BE800262503 /* MainViewController.swift */; };
		F1A14CDA1DDE692000262503 /* SettingsViewController.swift in Sources */ = {isa = PBXBuildFile; fileRef = F1A14CD91DDE692000262503 /* SettingsViewController.swift */; };
		F1A14CE11DEE175900262503 /* AVFoundation.framework in Frameworks */ = {isa = PBXBuildFile; fileRef = F1A14CE01DEE175900262503 /* AVFoundation.framework */; };
		F1A14CE31DEE1ABA00262503 /* MediaPlayer.framework in Frameworks */ = {isa = PBXBuildFile; fileRef = F1A14CE21DEE1ABA00262503 /* MediaPlayer.framework */; };
		F1CE65F21DFA446B00A9B69A /* Sounds.swift in Sources */ = {isa = PBXBuildFile; fileRef = F1CE65F11DFA446B00A9B69A /* Sounds.swift */; };
		F1CE65F41DFA4E4800A9B69A /* None.mp3 in Resources */ = {isa = PBXBuildFile; fileRef = F1CE65F31DFA4E4800A9B69A /* None.mp3 */; };
/* End PBXBuildFile section */

/* Begin PBXContainerItemProxy section */
		F129F2B01DB83F71001B3C8A /* PBXContainerItemProxy */ = {
			isa = PBXContainerItemProxy;
			containerPortal = F129F2901DB83F71001B3C8A /* Project object */;
			proxyType = 1;
			remoteGlobalIDString = F129F2971DB83F71001B3C8A;
			remoteInfo = WakeMeAt;
		};
/* End PBXContainerItemProxy section */

/* Begin PBXFileReference section */
		310DB2D35C738CA55315EAE5 /* Pods-WakeMeAt.release.xcconfig */ = {isa = PBXFileReference; includeInIndex = 1; lastKnownFileType = text.xcconfig; name = "Pods-WakeMeAt.release.xcconfig"; path = "Pods/Target Support Files/Pods-WakeMeAt/Pods-WakeMeAt.release.xcconfig"; sourceTree = "<group>"; };
		50252FBC955EA58A6DE518CD /* Pods-WakeMeAtTests.debug.xcconfig */ = {isa = PBXFileReference; includeInIndex = 1; lastKnownFileType = text.xcconfig; name = "Pods-WakeMeAtTests.debug.xcconfig"; path = "Pods/Target Support Files/Pods-WakeMeAtTests/Pods-WakeMeAtTests.debug.xcconfig"; sourceTree = "<group>"; };
		A297AC6E75404F5CABCD95D3 /* Pods-WakeMeAt.debug.xcconfig */ = {isa = PBXFileReference; includeInIndex = 1; lastKnownFileType = text.xcconfig; name = "Pods-WakeMeAt.debug.xcconfig"; path = "Pods/Target Support Files/Pods-WakeMeAt/Pods-WakeMeAt.debug.xcconfig"; sourceTree = "<group>"; };
		BDFFF1BABDB5A948929F6F5B /* Pods-WakeMeAtTests.release.xcconfig */ = {isa = PBXFileReference; includeInIndex = 1; lastKnownFileType = text.xcconfig; name = "Pods-WakeMeAtTests.release.xcconfig"; path = "Pods/Target Support Files/Pods-WakeMeAtTests/Pods-WakeMeAtTests.release.xcconfig"; sourceTree = "<group>"; };
		F11A56FC1DEF0E88004D2513 /* Alarm Buzzer.mp3 */ = {isa = PBXFileReference; lastKnownFileType = audio.mp3; name = "Alarm Buzzer.mp3"; path = "../../../../Downloads/Alarm Buzzer.mp3"; sourceTree = "<group>"; };
		F11A56FE1DEF0ECB004D2513 /* Police Siren.mp3 */ = {isa = PBXFileReference; lastKnownFileType = audio.mp3; name = "Police Siren.mp3"; path = "../../../../Downloads/Police Siren.mp3"; sourceTree = "<group>"; };
		F11A57001DEF0F23004D2513 /* Doorbell.mp3 */ = {isa = PBXFileReference; lastKnownFileType = audio.mp3; name = Doorbell.mp3; path = ../../../../Downloads/Doorbell.mp3; sourceTree = "<group>"; };
		F11A57021DEF0F61004D2513 /* Fire Alarm.mp3 */ = {isa = PBXFileReference; lastKnownFileType = audio.mp3; name = "Fire Alarm.mp3"; path = "../../../../Downloads/Fire Alarm.mp3"; sourceTree = "<group>"; };
		F11A57041DEF0F95004D2513 /* Ambulance.mp3 */ = {isa = PBXFileReference; lastKnownFileType = audio.mp3; name = Ambulance.mp3; path = ../../../../Downloads/Ambulance.mp3; sourceTree = "<group>"; };
		F11A57061DEF100A004D2513 /* Horn Honk.mp3 */ = {isa = PBXFileReference; lastKnownFileType = audio.mp3; name = "Horn Honk.mp3"; path = "../../../../Downloads/Horn Honk.mp3"; sourceTree = "<group>"; };
		F129F2981DB83F71001B3C8A /* WakeMeAt.app */ = {isa = PBXFileReference; explicitFileType = wrapper.application; includeInIndex = 0; path = WakeMeAt.app; sourceTree = BUILT_PRODUCTS_DIR; };
		F129F29B1DB83F71001B3C8A /* AppDelegate.swift */ = {isa = PBXFileReference; lastKnownFileType = sourcecode.swift; path = AppDelegate.swift; sourceTree = "<group>"; };
		F129F2A01DB83F71001B3C8A /* Base */ = {isa = PBXFileReference; lastKnownFileType = file.storyboard; name = Base; path = Base.lproj/Main.storyboard; sourceTree = "<group>"; };
		F129F2A31DB83F71001B3C8A /* WakeMeAt.xcdatamodel */ = {isa = PBXFileReference; lastKnownFileType = wrapper.xcdatamodel; path = WakeMeAt.xcdatamodel; sourceTree = "<group>"; };
		F129F2A51DB83F71001B3C8A /* Assets.xcassets */ = {isa = PBXFileReference; lastKnownFileType = folder.assetcatalog; path = Assets.xcassets; sourceTree = "<group>"; };
		F129F2A81DB83F71001B3C8A /* Base */ = {isa = PBXFileReference; lastKnownFileType = file.storyboard; name = Base; path = Base.lproj/LaunchScreen.storyboard; sourceTree = "<group>"; };
		F129F2AA1DB83F71001B3C8A /* Info.plist */ = {isa = PBXFileReference; lastKnownFileType = text.plist.xml; path = Info.plist; sourceTree = "<group>"; };
		F129F2AF1DB83F71001B3C8A /* WakeMeAtTests.xctest */ = {isa = PBXFileReference; explicitFileType = wrapper.cfbundle; includeInIndex = 0; path = WakeMeAtTests.xctest; sourceTree = BUILT_PRODUCTS_DIR; };
		F129F2B31DB83F71001B3C8A /* WakeMeAtTests.swift */ = {isa = PBXFileReference; lastKnownFileType = sourcecode.swift; path = WakeMeAtTests.swift; sourceTree = "<group>"; };
		F129F2B51DB83F71001B3C8A /* Info.plist */ = {isa = PBXFileReference; lastKnownFileType = text.plist.xml; path = Info.plist; sourceTree = "<group>"; };
		F12B204A1DF9F94B00E49C06 /* LocationSearchTable.swift */ = {isa = PBXFileReference; fileEncoding = 4; lastKnownFileType = sourcecode.swift; path = LocationSearchTable.swift; sourceTree = "<group>"; };
		F16E27A91DF79FDA0008D2CA /* Settings.swift */ = {isa = PBXFileReference; fileEncoding = 4; lastKnownFileType = sourcecode.swift; path = Settings.swift; sourceTree = "<group>"; };
		F1A14CD71DDE5BE800262503 /* MainViewController.swift */ = {isa = PBXFileReference; fileEncoding = 4; lastKnownFileType = sourcecode.swift; path = MainViewController.swift; sourceTree = "<group>"; };
		F1A14CD91DDE692000262503 /* SettingsViewController.swift */ = {isa = PBXFileReference; fileEncoding = 4; lastKnownFileType = sourcecode.swift; path = SettingsViewController.swift; sourceTree = "<group>"; };
		F1A14CE01DEE175900262503 /* AVFoundation.framework */ = {isa = PBXFileReference; lastKnownFileType = wrapper.framework; name = AVFoundation.framework; path = System/Library/Frameworks/AVFoundation.framework; sourceTree = SDKROOT; };
		F1A14CE21DEE1ABA00262503 /* MediaPlayer.framework */ = {isa = PBXFileReference; lastKnownFileType = wrapper.framework; name = MediaPlayer.framework; path = System/Library/Frameworks/MediaPlayer.framework; sourceTree = SDKROOT; };
		F1CE65F11DFA446B00A9B69A /* Sounds.swift */ = {isa = PBXFileReference; fileEncoding = 4; lastKnownFileType = sourcecode.swift; path = Sounds.swift; sourceTree = "<group>"; };
		F1CE65F31DFA4E4800A9B69A /* None.mp3 */ = {isa = PBXFileReference; lastKnownFileType = audio.mp3; name = None.mp3; path = ../../../../Downloads/None.mp3; sourceTree = "<group>"; };
/* End PBXFileReference section */

/* Begin PBXFrameworksBuildPhase section */
		F129F2951DB83F71001B3C8A /* Frameworks */ = {
			isa = PBXFrameworksBuildPhase;
			buildActionMask = 2147483647;
			files = (
				F1A14CE31DEE1ABA00262503 /* MediaPlayer.framework in Frameworks */,
				F1A14CE11DEE175900262503 /* AVFoundation.framework in Frameworks */,
			);
			runOnlyForDeploymentPostprocessing = 0;
		};
		F129F2AC1DB83F71001B3C8A /* Frameworks */ = {
			isa = PBXFrameworksBuildPhase;
			buildActionMask = 2147483647;
			files = (
			);
			runOnlyForDeploymentPostprocessing = 0;
		};
/* End PBXFrameworksBuildPhase section */

/* Begin PBXGroup section */
		2C8645022AEC0822B733C9F7 /* Pods */ = {
			isa = PBXGroup;
			children = (
				A297AC6E75404F5CABCD95D3 /* Pods-WakeMeAt.debug.xcconfig */,
				310DB2D35C738CA55315EAE5 /* Pods-WakeMeAt.release.xcconfig */,
				50252FBC955EA58A6DE518CD /* Pods-WakeMeAtTests.debug.xcconfig */,
				BDFFF1BABDB5A948929F6F5B /* Pods-WakeMeAtTests.release.xcconfig */,
			);
			name = Pods;
			sourceTree = "<group>";
		};
		F129F28F1DB83F71001B3C8A = {
			isa = PBXGroup;
			children = (
				F129F29A1DB83F71001B3C8A /* WakeMeAt */,
				F129F2B21DB83F71001B3C8A /* WakeMeAtTests */,
				F129F2991DB83F71001B3C8A /* Products */,
				F1A14CDF1DEE175900262503 /* Frameworks */,
				2C8645022AEC0822B733C9F7 /* Pods */,
			);
			sourceTree = "<group>";
		};
		F129F2991DB83F71001B3C8A /* Products */ = {
			isa = PBXGroup;
			children = (
				F129F2981DB83F71001B3C8A /* WakeMeAt.app */,
				F129F2AF1DB83F71001B3C8A /* WakeMeAtTests.xctest */,
			);
			name = Products;
			sourceTree = "<group>";
		};
		F129F29A1DB83F71001B3C8A /* WakeMeAt */ = {
			isa = PBXGroup;
			children = (
				F1A14CDC1DEE123900262503 /* Supporting Files */,
				F129F29B1DB83F71001B3C8A /* AppDelegate.swift */,
				F129F29F1DB83F71001B3C8A /* Main.storyboard */,
				F1A14CD91DDE692000262503 /* SettingsViewController.swift */,
				F1CE65F11DFA446B00A9B69A /* Sounds.swift */,
				F16E27A91DF79FDA0008D2CA /* Settings.swift */,
				F1A14CD71DDE5BE800262503 /* MainViewController.swift */,
				F129F2A51DB83F71001B3C8A /* Assets.xcassets */,
				F129F2A71DB83F71001B3C8A /* LaunchScreen.storyboard */,
				F129F2AA1DB83F71001B3C8A /* Info.plist */,
				F129F2A21DB83F71001B3C8A /* WakeMeAt.xcdatamodeld */,
				F12B204A1DF9F94B00E49C06 /* LocationSearchTable.swift */,
			);
			path = WakeMeAt;
			sourceTree = "<group>";
		};
		F129F2B21DB83F71001B3C8A /* WakeMeAtTests */ = {
			isa = PBXGroup;
			children = (
				F129F2B31DB83F71001B3C8A /* WakeMeAtTests.swift */,
				F129F2B51DB83F71001B3C8A /* Info.plist */,
			);
			path = WakeMeAtTests;
			sourceTree = "<group>";
		};
		F1A14CDC1DEE123900262503 /* Supporting Files */ = {
			isa = PBXGroup;
			children = (
				F11A56FC1DEF0E88004D2513 /* Alarm Buzzer.mp3 */,
				F11A56FE1DEF0ECB004D2513 /* Police Siren.mp3 */,
				F11A57001DEF0F23004D2513 /* Doorbell.mp3 */,
				F11A57041DEF0F95004D2513 /* Ambulance.mp3 */,
				F11A57061DEF100A004D2513 /* Horn Honk.mp3 */,
				F11A57021DEF0F61004D2513 /* Fire Alarm.mp3 */,
				F1CE65F31DFA4E4800A9B69A /* None.mp3 */,
			);
			name = "Supporting Files";
			sourceTree = "<group>";
		};
		F1A14CDF1DEE175900262503 /* Frameworks */ = {
			isa = PBXGroup;
			children = (
				F1A14CE21DEE1ABA00262503 /* MediaPlayer.framework */,
				F1A14CE01DEE175900262503 /* AVFoundation.framework */,
			);
			name = Frameworks;
			sourceTree = "<group>";
		};
/* End PBXGroup section */

/* Begin PBXNativeTarget section */
		F129F2971DB83F71001B3C8A /* WakeMeAt */ = {
			isa = PBXNativeTarget;
			buildConfigurationList = F129F2B81DB83F71001B3C8A /* Build configuration list for PBXNativeTarget "WakeMeAt" */;
			buildPhases = (
				6EB625766ED1F0FFE39BB496 /* [CP] Check Pods Manifest.lock */,
				F129F2941DB83F71001B3C8A /* Sources */,
				F129F2951DB83F71001B3C8A /* Frameworks */,
				F129F2961DB83F71001B3C8A /* Resources */,
				333E673FFD4A5A1D05A6C485 /* [CP] Embed Pods Frameworks */,
				6EDD09B0B745C861C99CD78B /* [CP] Copy Pods Resources */,
			);
			buildRules = (
			);
			dependencies = (
			);
			name = WakeMeAt;
			productName = WakeMeAt;
			productReference = F129F2981DB83F71001B3C8A /* WakeMeAt.app */;
			productType = "com.apple.product-type.application";
		};
		F129F2AE1DB83F71001B3C8A /* WakeMeAtTests */ = {
			isa = PBXNativeTarget;
			buildConfigurationList = F129F2BB1DB83F71001B3C8A /* Build configuration list for PBXNativeTarget "WakeMeAtTests" */;
			buildPhases = (
				4F1C4CEB09E447460FC82956 /* [CP] Check Pods Manifest.lock */,
				F129F2AB1DB83F71001B3C8A /* Sources */,
				F129F2AC1DB83F71001B3C8A /* Frameworks */,
				F129F2AD1DB83F71001B3C8A /* Resources */,
				AED52BF1F87D7393E3B61E6A /* [CP] Embed Pods Frameworks */,
				7CF78D999011ABB5FACFEC70 /* [CP] Copy Pods Resources */,
			);
			buildRules = (
			);
			dependencies = (
				F129F2B11DB83F71001B3C8A /* PBXTargetDependency */,
			);
			name = WakeMeAtTests;
			productName = WakeMeAtTests;
			productReference = F129F2AF1DB83F71001B3C8A /* WakeMeAtTests.xctest */;
			productType = "com.apple.product-type.bundle.unit-test";
		};
/* End PBXNativeTarget section */

/* Begin PBXProject section */
		F129F2901DB83F71001B3C8A /* Project object */ = {
			isa = PBXProject;
			attributes = {
				LastSwiftUpdateCheck = 0800;
				LastUpgradeCheck = 0820;
				ORGANIZATIONNAME = "Ivy Chenyao";
				TargetAttributes = {
					F129F2971DB83F71001B3C8A = {
						CreatedOnToolsVersion = 8.0;
						DevelopmentTeam = Y3VWCT3DH8;
						ProvisioningStyle = Automatic;
					};
					F129F2AE1DB83F71001B3C8A = {
						CreatedOnToolsVersion = 8.0;
						DevelopmentTeam = Y3VWCT3DH8;
						ProvisioningStyle = Automatic;
						TestTargetID = F129F2971DB83F71001B3C8A;
					};
				};
			};
			buildConfigurationList = F129F2931DB83F71001B3C8A /* Build configuration list for PBXProject "WakeMeAt" */;
			compatibilityVersion = "Xcode 3.2";
			developmentRegion = English;
			hasScannedForEncodings = 0;
			knownRegions = (
				en,
				Base,
			);
			mainGroup = F129F28F1DB83F71001B3C8A;
			productRefGroup = F129F2991DB83F71001B3C8A /* Products */;
			projectDirPath = "";
			projectRoot = "";
			targets = (
				F129F2971DB83F71001B3C8A /* WakeMeAt */,
				F129F2AE1DB83F71001B3C8A /* WakeMeAtTests */,
			);
		};
/* End PBXProject section */

/* Begin PBXResourcesBuildPhase section */
		F129F2961DB83F71001B3C8A /* Resources */ = {
			isa = PBXResourcesBuildPhase;
			buildActionMask = 2147483647;
			files = (
				F11A57071DEF100A004D2513 /* Horn Honk.mp3 in Resources */,
				F129F2A91DB83F71001B3C8A /* LaunchScreen.storyboard in Resources */,
				F1CE65F41DFA4E4800A9B69A /* None.mp3 in Resources */,
				F11A57051DEF0F95004D2513 /* Ambulance.mp3 in Resources */,
				F11A57031DEF0F61004D2513 /* Fire Alarm.mp3 in Resources */,
				F11A57011DEF0F23004D2513 /* Doorbell.mp3 in Resources */,
				F11A56FF1DEF0ECB004D2513 /* Police Siren.mp3 in Resources */,
				F129F2A61DB83F71001B3C8A /* Assets.xcassets in Resources */,
				F11A56FD1DEF0E88004D2513 /* Alarm Buzzer.mp3 in Resources */,
				F129F2A11DB83F71001B3C8A /* Main.storyboard in Resources */,
			);
			runOnlyForDeploymentPostprocessing = 0;
		};
		F129F2AD1DB83F71001B3C8A /* Resources */ = {
			isa = PBXResourcesBuildPhase;
			buildActionMask = 2147483647;
			files = (
			);
			runOnlyForDeploymentPostprocessing = 0;
		};
/* End PBXResourcesBuildPhase section */

/* Begin PBXShellScriptBuildPhase section */
		333E673FFD4A5A1D05A6C485 /* [CP] Embed Pods Frameworks */ = {
			isa = PBXShellScriptBuildPhase;
			buildActionMask = 2147483647;
			files = (
			);
			inputPaths = (
			);
			name = "[CP] Embed Pods Frameworks";
			outputPaths = (
			);
			runOnlyForDeploymentPostprocessing = 0;
			shellPath = /bin/sh;
			shellScript = "\"${SRCROOT}/Pods/Target Support Files/Pods-WakeMeAt/Pods-WakeMeAt-frameworks.sh\"\n";
			showEnvVarsInLog = 0;
		};
		4F1C4CEB09E447460FC82956 /* [CP] Check Pods Manifest.lock */ = {
			isa = PBXShellScriptBuildPhase;
			buildActionMask = 2147483647;
			files = (
			);
			inputPaths = (
			);
			name = "[CP] Check Pods Manifest.lock";
			outputPaths = (
			);
			runOnlyForDeploymentPostprocessing = 0;
			shellPath = /bin/sh;
			shellScript = "diff \"${PODS_ROOT}/../Podfile.lock\" \"${PODS_ROOT}/Manifest.lock\" > /dev/null\nif [ $? != 0 ] ; then\n    # print error to STDERR\n    echo \"error: The sandbox is not in sync with the Podfile.lock. Run 'pod install' or update your CocoaPods installation.\" >&2\n    exit 1\nfi\n";
			showEnvVarsInLog = 0;
		};
		6EB625766ED1F0FFE39BB496 /* [CP] Check Pods Manifest.lock */ = {
			isa = PBXShellScriptBuildPhase;
			buildActionMask = 2147483647;
			files = (
			);
			inputPaths = (
			);
			name = "[CP] Check Pods Manifest.lock";
			outputPaths = (
			);
			runOnlyForDeploymentPostprocessing = 0;
			shellPath = /bin/sh;
			shellScript = "diff \"${PODS_ROOT}/../Podfile.lock\" \"${PODS_ROOT}/Manifest.lock\" > /dev/null\nif [ $? != 0 ] ; then\n    # print error to STDERR\n    echo \"error: The sandbox is not in sync with the Podfile.lock. Run 'pod install' or update your CocoaPods installation.\" >&2\n    exit 1\nfi\n";
			showEnvVarsInLog = 0;
		};
		6EDD09B0B745C861C99CD78B /* [CP] Copy Pods Resources */ = {
			isa = PBXShellScriptBuildPhase;
			buildActionMask = 2147483647;
			files = (
			);
			inputPaths = (
			);
			name = "[CP] Copy Pods Resources";
			outputPaths = (
			);
			runOnlyForDeploymentPostprocessing = 0;
			shellPath = /bin/sh;
			shellScript = "\"${SRCROOT}/Pods/Target Support Files/Pods-WakeMeAt/Pods-WakeMeAt-resources.sh\"\n";
			showEnvVarsInLog = 0;
		};
		7CF78D999011ABB5FACFEC70 /* [CP] Copy Pods Resources */ = {
			isa = PBXShellScriptBuildPhase;
			buildActionMask = 2147483647;
			files = (
			);
			inputPaths = (
			);
			name = "[CP] Copy Pods Resources";
			outputPaths = (
			);
			runOnlyForDeploymentPostprocessing = 0;
			shellPath = /bin/sh;
			shellScript = "\"${SRCROOT}/Pods/Target Support Files/Pods-WakeMeAtTests/Pods-WakeMeAtTests-resources.sh\"\n";
			showEnvVarsInLog = 0;
		};
		AED52BF1F87D7393E3B61E6A /* [CP] Embed Pods Frameworks */ = {
			isa = PBXShellScriptBuildPhase;
			buildActionMask = 2147483647;
			files = (
			);
			inputPaths = (
			);
			name = "[CP] Embed Pods Frameworks";
			outputPaths = (
			);
			runOnlyForDeploymentPostprocessing = 0;
			shellPath = /bin/sh;
			shellScript = "\"${SRCROOT}/Pods/Target Support Files/Pods-WakeMeAtTests/Pods-WakeMeAtTests-frameworks.sh\"\n";
			showEnvVarsInLog = 0;
		};
/* End PBXShellScriptBuildPhase section */

/* Begin PBXSourcesBuildPhase section */
		F129F2941DB83F71001B3C8A /* Sources */ = {
			isa = PBXSourcesBuildPhase;
			buildActionMask = 2147483647;
			files = (
				F129F2A41DB83F71001B3C8A /* WakeMeAt.xcdatamodeld in Sources */,
				F129F29C1DB83F71001B3C8A /* AppDelegate.swift in Sources */,
				F1A14CDA1DDE692000262503 /* SettingsViewController.swift in Sources */,
				F12B204B1DF9F94B00E49C06 /* LocationSearchTable.swift in Sources */,
				F1CE65F21DFA446B00A9B69A /* Sounds.swift in Sources */,
				F1A14CD81DDE5BE800262503 /* MainViewController.swift in Sources */,
				F16E27AA1DF79FDA0008D2CA /* Settings.swift in Sources */,
			);
			runOnlyForDeploymentPostprocessing = 0;
		};
		F129F2AB1DB83F71001B3C8A /* Sources */ = {
			isa = PBXSourcesBuildPhase;
			buildActionMask = 2147483647;
			files = (
				F129F2B41DB83F71001B3C8A /* WakeMeAtTests.swift in Sources */,
			);
			runOnlyForDeploymentPostprocessing = 0;
		};
/* End PBXSourcesBuildPhase section */

/* Begin PBXTargetDependency section */
		F129F2B11DB83F71001B3C8A /* PBXTargetDependency */ = {
			isa = PBXTargetDependency;
			target = F129F2971DB83F71001B3C8A /* WakeMeAt */;
			targetProxy = F129F2B01DB83F71001B3C8A /* PBXContainerItemProxy */;
		};
/* End PBXTargetDependency section */

/* Begin PBXVariantGroup section */
		F129F29F1DB83F71001B3C8A /* Main.storyboard */ = {
			isa = PBXVariantGroup;
			children = (
				F129F2A01DB83F71001B3C8A /* Base */,
			);
			name = Main.storyboard;
			sourceTree = "<group>";
		};
		F129F2A71DB83F71001B3C8A /* LaunchScreen.storyboard */ = {
			isa = PBXVariantGroup;
			children = (
				F129F2A81DB83F71001B3C8A /* Base */,
			);
			name = LaunchScreen.storyboard;
			sourceTree = "<group>";
		};
/* End PBXVariantGroup section */

/* Begin XCBuildConfiguration section */
		F129F2B61DB83F71001B3C8A /* Debug */ = {
			isa = XCBuildConfiguration;
			buildSettings = {
				ALWAYS_SEARCH_USER_PATHS = NO;
				CLANG_ANALYZER_NONNULL = YES;
				CLANG_CXX_LANGUAGE_STANDARD = "gnu++0x";
				CLANG_CXX_LIBRARY = "libc++";
				CLANG_ENABLE_MODULES = YES;
				CLANG_ENABLE_OBJC_ARC = YES;
				CLANG_WARN_BOOL_CONVERSION = YES;
				CLANG_WARN_CONSTANT_CONVERSION = YES;
				CLANG_WARN_DIRECT_OBJC_ISA_USAGE = YES_ERROR;
				CLANG_WARN_DOCUMENTATION_COMMENTS = YES;
				CLANG_WARN_EMPTY_BODY = YES;
				CLANG_WARN_ENUM_CONVERSION = YES;
				CLANG_WARN_INFINITE_RECURSION = YES;
				CLANG_WARN_INT_CONVERSION = YES;
				CLANG_WARN_OBJC_ROOT_CLASS = YES_ERROR;
				CLANG_WARN_SUSPICIOUS_MOVE = YES;
				CLANG_WARN_SUSPICIOUS_MOVES = YES;
				CLANG_WARN_UNREACHABLE_CODE = YES;
				CLANG_WARN__DUPLICATE_METHOD_MATCH = YES;
				CODE_SIGN_IDENTITY = "iPhone Developer";
				"CODE_SIGN_IDENTITY[sdk=iphoneos*]" = "iPhone Developer";
				COPY_PHASE_STRIP = NO;
				DEBUG_INFORMATION_FORMAT = dwarf;
				ENABLE_STRICT_OBJC_MSGSEND = YES;
				ENABLE_TESTABILITY = YES;
				GCC_C_LANGUAGE_STANDARD = gnu99;
				GCC_DYNAMIC_NO_PIC = NO;
				GCC_NO_COMMON_BLOCKS = YES;
				GCC_OPTIMIZATION_LEVEL = 0;
				GCC_PREPROCESSOR_DEFINITIONS = (
					"DEBUG=1",
					"$(inherited)",
				);
				GCC_WARN_64_TO_32_BIT_CONVERSION = YES;
				GCC_WARN_ABOUT_RETURN_TYPE = YES_ERROR;
				GCC_WARN_UNDECLARED_SELECTOR = YES;
				GCC_WARN_UNINITIALIZED_AUTOS = YES_AGGRESSIVE;
				GCC_WARN_UNUSED_FUNCTION = YES;
				GCC_WARN_UNUSED_VARIABLE = YES;
				IPHONEOS_DEPLOYMENT_TARGET = 10.2;
				MTL_ENABLE_DEBUG_INFO = YES;
				ONLY_ACTIVE_ARCH = YES;
				SDKROOT = iphoneos;
				SWIFT_ACTIVE_COMPILATION_CONDITIONS = DEBUG;
				SWIFT_OPTIMIZATION_LEVEL = "-Onone";
			};
			name = Debug;
		};
		F129F2B71DB83F71001B3C8A /* Release */ = {
			isa = XCBuildConfiguration;
			buildSettings = {
				ALWAYS_SEARCH_USER_PATHS = NO;
				CLANG_ANALYZER_NONNULL = YES;
				CLANG_CXX_LANGUAGE_STANDARD = "gnu++0x";
				CLANG_CXX_LIBRARY = "libc++";
				CLANG_ENABLE_MODULES = YES;
				CLANG_ENABLE_OBJC_ARC = YES;
				CLANG_WARN_BOOL_CONVERSION = YES;
				CLANG_WARN_CONSTANT_CONVERSION = YES;
				CLANG_WARN_DIRECT_OBJC_ISA_USAGE = YES_ERROR;
				CLANG_WARN_DOCUMENTATION_COMMENTS = YES;
				CLANG_WARN_EMPTY_BODY = YES;
				CLANG_WARN_ENUM_CONVERSION = YES;
				CLANG_WARN_INFINITE_RECURSION = YES;
				CLANG_WARN_INT_CONVERSION = YES;
				CLANG_WARN_OBJC_ROOT_CLASS = YES_ERROR;
				CLANG_WARN_SUSPICIOUS_MOVE = YES;
				CLANG_WARN_SUSPICIOUS_MOVES = YES;
				CLANG_WARN_UNREACHABLE_CODE = YES;
				CLANG_WARN__DUPLICATE_METHOD_MATCH = YES;
				CODE_SIGN_IDENTITY = "iPhone Developer";
				"CODE_SIGN_IDENTITY[sdk=iphoneos*]" = "iPhone Developer";
				COPY_PHASE_STRIP = NO;
				DEBUG_INFORMATION_FORMAT = "dwarf-with-dsym";
				ENABLE_NS_ASSERTIONS = NO;
				ENABLE_STRICT_OBJC_MSGSEND = YES;
				GCC_C_LANGUAGE_STANDARD = gnu99;
				GCC_NO_COMMON_BLOCKS = YES;
				GCC_WARN_64_TO_32_BIT_CONVERSION = YES;
				GCC_WARN_ABOUT_RETURN_TYPE = YES_ERROR;
				GCC_WARN_UNDECLARED_SELECTOR = YES;
				GCC_WARN_UNINITIALIZED_AUTOS = YES_AGGRESSIVE;
				GCC_WARN_UNUSED_FUNCTION = YES;
				GCC_WARN_UNUSED_VARIABLE = YES;
				IPHONEOS_DEPLOYMENT_TARGET = 10.2;
				MTL_ENABLE_DEBUG_INFO = NO;
				SDKROOT = iphoneos;
				SWIFT_OPTIMIZATION_LEVEL = "-Owholemodule";
				VALIDATE_PRODUCT = YES;
			};
			name = Release;
		};
		F129F2B91DB83F71001B3C8A /* Debug */ = {
			isa = XCBuildConfiguration;
			baseConfigurationReference = A297AC6E75404F5CABCD95D3 /* Pods-WakeMeAt.debug.xcconfig */;
			buildSettings = {
				ASSETCATALOG_COMPILER_APPICON_NAME = AppIcon;
				CODE_SIGN_IDENTITY = "iPhone Developer";
				"CODE_SIGN_IDENTITY[sdk=iphoneos*]" = "iPhone Developer";
				DEVELOPMENT_TEAM = Y3VWCT3DH8;
				INFOPLIST_FILE = WakeMeAt/Info.plist;
				LD_RUNPATH_SEARCH_PATHS = "$(inherited) @executable_path/Frameworks";
				PRODUCT_BUNDLE_IDENTIFIER = ivy.WakeMeAt;
				PRODUCT_NAME = "$(TARGET_NAME)";
				SWIFT_VERSION = 3.0;
			};
			name = Debug;
		};
		F129F2BA1DB83F71001B3C8A /* Release */ = {
			isa = XCBuildConfiguration;
			baseConfigurationReference = 310DB2D35C738CA55315EAE5 /* Pods-WakeMeAt.release.xcconfig */;
			buildSettings = {
				ASSETCATALOG_COMPILER_APPICON_NAME = AppIcon;
				CODE_SIGN_IDENTITY = "iPhone Developer";
				"CODE_SIGN_IDENTITY[sdk=iphoneos*]" = "iPhone Developer";
				DEVELOPMENT_TEAM = Y3VWCT3DH8;
				INFOPLIST_FILE = WakeMeAt/Info.plist;
				LD_RUNPATH_SEARCH_PATHS = "$(inherited) @executable_path/Frameworks";
				PRODUCT_BUNDLE_IDENTIFIER = ivy.WakeMeAt;
				PRODUCT_NAME = "$(TARGET_NAME)";
				SWIFT_VERSION = 3.0;
			};
			name = Release;
		};
		F129F2BC1DB83F71001B3C8A /* Debug */ = {
			isa = XCBuildConfiguration;
			baseConfigurationReference = 50252FBC955EA58A6DE518CD /* Pods-WakeMeAtTests.debug.xcconfig */;
			buildSettings = {
				ALWAYS_EMBED_SWIFT_STANDARD_LIBRARIES = YES;
				BUNDLE_LOADER = "$(TEST_HOST)";
				CODE_SIGN_IDENTITY = "iPhone Developer";
				"CODE_SIGN_IDENTITY[sdk=iphoneos*]" = "iPhone Developer";
				DEVELOPMENT_TEAM = Y3VWCT3DH8;
				INFOPLIST_FILE = WakeMeAtTests/Info.plist;
				LD_RUNPATH_SEARCH_PATHS = "$(inherited) @executable_path/Frameworks @loader_path/Frameworks";
				PRODUCT_BUNDLE_IDENTIFIER = ivy.WakeMeAtTests;
				PRODUCT_NAME = "$(TARGET_NAME)";
				PROVISIONING_PROFILE = "";
				PROVISIONING_PROFILE_SPECIFIER = "";
				SWIFT_VERSION = 3.0;
				TEST_HOST = "$(BUILT_PRODUCTS_DIR)/WakeMeAt.app/WakeMeAt";
			};
			name = Debug;
		};
		F129F2BD1DB83F71001B3C8A /* Release */ = {
			isa = XCBuildConfiguration;
			baseConfigurationReference = BDFFF1BABDB5A948929F6F5B /* Pods-WakeMeAtTests.release.xcconfig */;
			buildSettings = {
				ALWAYS_EMBED_SWIFT_STANDARD_LIBRARIES = YES;
				BUNDLE_LOADER = "$(TEST_HOST)";
				CODE_SIGN_IDENTITY = "iPhone Developer";
				"CODE_SIGN_IDENTITY[sdk=iphoneos*]" = "iPhone Developer";
				DEVELOPMENT_TEAM = Y3VWCT3DH8;
				INFOPLIST_FILE = WakeMeAtTests/Info.plist;
				LD_RUNPATH_SEARCH_PATHS = "$(inherited) @executable_path/Frameworks @loader_path/Frameworks";
				PRODUCT_BUNDLE_IDENTIFIER = ivy.WakeMeAtTests;
				PRODUCT_NAME = "$(TARGET_NAME)";
				PROVISIONING_PROFILE = "";
				PROVISIONING_PROFILE_SPECIFIER = "";
				SWIFT_VERSION = 3.0;
				TEST_HOST = "$(BUILT_PRODUCTS_DIR)/WakeMeAt.app/WakeMeAt";
			};
			name = Release;
		};
/* End XCBuildConfiguration section */

/* Begin XCConfigurationList section */
		F129F2931DB83F71001B3C8A /* Build configuration list for PBXProject "WakeMeAt" */ = {
			isa = XCConfigurationList;
			buildConfigurations = (
				F129F2B61DB83F71001B3C8A /* Debug */,
				F129F2B71DB83F71001B3C8A /* Release */,
			);
			defaultConfigurationIsVisible = 0;
			defaultConfigurationName = Release;
		};
		F129F2B81DB83F71001B3C8A /* Build configuration list for PBXNativeTarget "WakeMeAt" */ = {
			isa = XCConfigurationList;
			buildConfigurations = (
				F129F2B91DB83F71001B3C8A /* Debug */,
				F129F2BA1DB83F71001B3C8A /* Release */,
			);
			defaultConfigurationIsVisible = 0;
			defaultConfigurationName = Release;
		};
		F129F2BB1DB83F71001B3C8A /* Build configuration list for PBXNativeTarget "WakeMeAtTests" */ = {
			isa = XCConfigurationList;
			buildConfigurations = (
				F129F2BC1DB83F71001B3C8A /* Debug */,
				F129F2BD1DB83F71001B3C8A /* Release */,
			);
			defaultConfigurationIsVisible = 0;
			defaultConfigurationName = Release;
		};
/* End XCConfigurationList section */

/* Begin XCVersionGroup section */
		F129F2A21DB83F71001B3C8A /* WakeMeAt.xcdatamodeld */ = {
			isa = XCVersionGroup;
			children = (
				F129F2A31DB83F71001B3C8A /* WakeMeAt.xcdatamodel */,
			);
			currentVersion = F129F2A31DB83F71001B3C8A /* WakeMeAt.xcdatamodel */;
			path = WakeMeAt.xcdatamodeld;
			sourceTree = "<group>";
			versionGroupType = wrapper.xcdatamodel;
		};
/* End XCVersionGroup section */
	};
	rootObject = F129F2901DB83F71001B3C8A /* Project object */;
}
